// !$*UTF8*$!
{
	archiveVersion = 1;
	classes = {
	};
	objectVersion = 46;
	objects = {

/* Begin PBXBuildFile section */
		81294EAE1DC232470009B0DB /* AppDelegate.swift in Sources */ = {isa = PBXBuildFile; fileRef = 81294EAD1DC232470009B0DB /* AppDelegate.swift */; };
		81294EB01DC232470009B0DB /* ViewController.swift in Sources */ = {isa = PBXBuildFile; fileRef = 81294EAF1DC232470009B0DB /* ViewController.swift */; };
		81294EB31DC232470009B0DB /* Main.storyboard in Resources */ = {isa = PBXBuildFile; fileRef = 81294EB11DC232470009B0DB /* Main.storyboard */; };
		81294EB51DC232470009B0DB /* Assets.xcassets in Resources */ = {isa = PBXBuildFile; fileRef = 81294EB41DC232470009B0DB /* Assets.xcassets */; };
		81294EB81DC232470009B0DB /* LaunchScreen.storyboard in Resources */ = {isa = PBXBuildFile; fileRef = 81294EB61DC232470009B0DB /* LaunchScreen.storyboard */; };
/* End PBXBuildFile section */

/* Begin PBXFileReference section */
		81294EAA1DC232470009B0DB /* TryOut For GitHUB.app */ = {isa = PBXFileReference; explicitFileType = wrapper.application; includeInIndex = 0; path = "TryOut For GitHUB.app"; sourceTree = BUILT_PRODUCTS_DIR; };
		81294EAD1DC232470009B0DB /* AppDelegate.swift */ = {isa = PBXFileReference; lastKnownFileType = sourcecode.swift; path = AppDelegate.swift; sourceTree = "<group>"; };
		81294EAF1DC232470009B0DB /* ViewController.swift */ = {isa = PBXFileReference; lastKnownFileType = sourcecode.swift; path = ViewController.swift; sourceTree = "<group>"; };
		81294EB21DC232470009B0DB /* Base */ = {isa = PBXFileReference; lastKnownFileType = file.storyboard; name = Base; path = Base.lproj/Main.storyboard; sourceTree = "<group>"; };
		81294EB41DC232470009B0DB /* Assets.xcassets */ = {isa = PBXFileReference; lastKnownFileType = folder.assetcatalog; path = Assets.xcassets; sourceTree = "<group>"; };
		81294EB71DC232470009B0DB /* Base */ = {isa = PBXFileReference; lastKnownFileType = file.storyboard; name = Base; path = Base.lproj/LaunchScreen.storyboard; sourceTree = "<group>"; };
		81294EB91DC232470009B0DB /* Info.plist */ = {isa = PBXFileReference; lastKnownFileType = text.plist.xml; path = Info.plist; sourceTree = "<group>"; };
/* End PBXFileReference section */

/* Begin PBXFrameworksBuildPhase section */
		81294EA71DC232470009B0DB /* Frameworks */ = {
			isa = PBXFrameworksBuildPhase;
			buildActionMask = 2147483647;
			files = (
			);
			runOnlyForDeploymentPostprocessing = 0;
		};
/* End PBXFrameworksBuildPhase section */

/* Begin PBXGroup section */
		81294EA11DC232470009B0DB = {
			isa = PBXGroup;
			children = (
				81294EAC1DC232470009B0DB /* TryOut For GitHUB */,
				81294EAB1DC232470009B0DB /* Products */,
			);
			sourceTree = "<group>";
		};
		81294EAB1DC232470009B0DB /* Products */ = {
			isa = PBXGroup;
			children = (
				81294EAA1DC232470009B0DB /* TryOut For GitHUB.app */,
			);
			name = Products;
			sourceTree = "<group>";
		};
		81294EAC1DC232470009B0DB /* TryOut For GitHUB */ = {
			isa = PBXGroup;
			children = (
				81294EAD1DC232470009B0DB /* AppDelegate.swift */,
				81294EAF1DC232470009B0DB /* ViewController.swift */,
				81294EB11DC232470009B0DB /* Main.storyboard */,
				81294EB41DC232470009B0DB /* Assets.xcassets */,
				81294EB61DC232470009B0DB /* LaunchScreen.storyboard */,
				81294EB91DC232470009B0DB /* Info.plist */,
			);
			path = "TryOut For GitHUB";
			sourceTree = "<group>";
		};
/* End PBXGroup section */

/* Begin PBXNativeTarget section */
		81294EA91DC232470009B0DB /* TryOut For GitHUB */ = {
			isa = PBXNativeTarget;
			buildConfigurationList = 81294EBC1DC232470009B0DB /* Build configuration list for PBXNativeTarget "TryOut For GitHUB" */;
			buildPhases = (
				81294EA61DC232470009B0DB /* Sources */,
				81294EA71DC232470009B0DB /* Frameworks */,
				81294EA81DC232470009B0DB /* Resources */,
			);
			buildRules = (
			);
			dependencies = (
			);
			name = "TryOut For GitHUB";
			productName = "TryOut For GitHUB";
			productReference = 81294EAA1DC232470009B0DB /* TryOut For GitHUB.app */;
			productType = "com.apple.product-type.application";
		};
/* End PBXNativeTarget section */

/* Begin PBXProject section */
		81294EA21DC232470009B0DB /* Project object */ = {
			isa = PBXProject;
			attributes = {
				LastSwiftUpdateCheck = 0800;
				LastUpgradeCheck = 0800;
				ORGANIZATIONNAME = "Frederik Fiala";
				TargetAttributes = {
					81294EA91DC232470009B0DB = {
						CreatedOnToolsVersion = 8.0;
						ProvisioningStyle = Automatic;
					};
				};
			};
			buildConfigurationList = 81294EA51DC232470009B0DB /* Build configuration list for PBXProject "TryOut For GitHUB" */;
			compatibilityVersion = "Xcode 3.2";
			developmentRegion = English;
			hasScannedForEncodings = 0;
			knownRegions = (
				en,
				Base,
			);
			mainGroup = 81294EA11DC232470009B0DB;
			productRefGroup = 81294EAB1DC232470009B0DB /* Products */;
			projectDirPath = "";
			projectRoot = "";
			targets = (
				81294EA91DC232470009B0DB /* TryOut For GitHUB */,
			);
		};
/* End PBXProject section */

/* Begin PBXResourcesBuildPhase section */
		81294EA81DC232470009B0DB /* Resources */ = {
			isa = PBXResourcesBuildPhase;
			buildActionMask = 2147483647;
			files = (
				81294EB81DC232470009B0DB /* LaunchScreen.storyboard in Resources */,
				81294EB51DC232470009B0DB /* Assets.xcassets in Resources */,
				81294EB31DC232470009B0DB /* Main.storyboard in Resources */,
			);
			runOnlyForDeploymentPostprocessing = 0;
		};
/* End PBXResourcesBuildPhase section */

/* Begin PBXSourcesBuildPhase section */
		81294EA61DC232470009B0DB /* Sources */ = {
			isa = PBXSourcesBuildPhase;
			buildActionMask = 2147483647;
			files = (
				81294EB01DC232470009B0DB /* ViewController.swift in Sources */,
				81294EAE1DC232470009B0DB /* AppDelegate.swift in Sources */,
			);
			runOnlyForDeploymentPostprocessing = 0;
		};
/* End PBXSourcesBuildPhase section */

/* Begin PBXVariantGroup section */
		81294EB11DC232470009B0DB /* Main.storyboard */ = {
			isa = PBXVariantGroup;
			children = (
				81294EB21DC232470009B0DB /* Base */,
			);
			name = Main.storyboard;
			sourceTree = "<group>";
		};
		81294EB61DC232470009B0DB /* LaunchScreen.storyboard */ = {
			isa = PBXVariantGroup;
			children = (
				81294EB71DC232470009B0DB /* Base */,
			);
			name = LaunchScreen.storyboard;
			sourceTree = "<group>";
		};
/* End PBXVariantGroup section */

/* Begin XCBuildConfiguration section */
		81294EBA1DC232470009B0DB /* Debug */ = {
			isa = XCBuildConfiguration;
			buildSettings = {
				ALWAYS_SEARCH_USER_PATHS = NO;
				CLANG_ANALYZER_NONNULL = YES;
				CLANG_CXX_LANGUAGE_STANDARD = "gnu++0x";
				CLANG_CXX_LIBRARY = "libc++";
				CLANG_ENABLE_MODULES = YES;
				CLANG_ENABLE_OBJC_ARC = YES;
				CLANG_WARN_BOOL_CONVERSION = YES;
				CLANG_WARN_CONSTANT_CONVERSION = YES;
				CLANG_WARN_DIRECT_OBJC_ISA_USAGE = YES_ERROR;
				CLANG_WARN_DOCUMENTATION_COMMENTS = YES;
				CLANG_WARN_EMPTY_BODY = YES;
				CLANG_WARN_ENUM_CONVERSION = YES;
				CLANG_WARN_INFINITE_RECURSION = YES;
				CLANG_WARN_INT_CONVERSION = YES;
				CLANG_WARN_OBJC_ROOT_CLASS = YES_ERROR;
				CLANG_WARN_SUSPICIOUS_MOVES = YES;
				CLANG_WARN_UNREACHABLE_CODE = YES;
				CLANG_WARN__DUPLICATE_METHOD_MATCH = YES;
				"CODE_SIGN_IDENTITY[sdk=iphoneos*]" = "iPhone Developer";
				COPY_PHASE_STRIP = NO;
				DEBUG_INFORMATION_FORMAT = dwarf;
				ENABLE_STRICT_OBJC_MSGSEND = YES;
				ENABLE_TESTABILITY = YES;
				GCC_C_LANGUAGE_STANDARD = gnu99;
				GCC_DYNAMIC_NO_PIC = NO;
				GCC_NO_COMMON_BLOCKS = YES;
				GCC_OPTIMIZATION_LEVEL = 0;
				GCC_PREPROCESSOR_DEFINITIONS = (
					"DEBUG=1",
					"$(inherited)",
				);
				GCC_WARN_64_TO_32_BIT_CONVERSION = YES;
				GCC_WARN_ABOUT_RETURN_TYPE = YES_ERROR;
				GCC_WARN_UNDECLARED_SELECTOR = YES;
				GCC_WARN_UNINITIALIZED_AUTOS = YES_AGGRESSIVE;
				GCC_WARN_UNUSED_FUNCTION = YES;
				GCC_WARN_UNUSED_VARIABLE = YES;
				IPHONEOS_DEPLOYMENT_TARGET = 10.0;
				MTL_ENABLE_DEBUG_INFO = YES;
				ONLY_ACTIVE_ARCH = YES;
				SDKROOT = iphoneos;
				SWIFT_ACTIVE_COMPILATION_CONDITIONS = DEBUG;
				SWIFT_OPTIMIZATION_LEVEL = "-Onone";
				TARGETED_DEVICE_FAMILY = "1,2";
			};
			name = Debug;
		};
		81294EBB1DC232470009B0DB /* Release */ = {
			isa = XCBuildConfiguration;
			buildSettings = {
				ALWAYS_SEARCH_USER_PATHS = NO;
				CLANG_ANALYZER_NONNULL = YES;
				CLANG_CXX_LANGUAGE_STANDARD = "gnu++0x";
				CLANG_CXX_LIBRARY = "libc++";
				CLANG_ENABLE_MODULES = YES;
				CLANG_ENABLE_OBJC_ARC = YES;
				CLANG_WARN_BOOL_CONVERSION = YES;
				CLANG_WARN_CONSTANT_CONVERSION = YES;
				CLANG_WARN_DIRECT_OBJC_ISA_USAGE = YES_ERROR;
				CLANG_WARN_DOCUMENTATION_COMMENTS = YES;
				CLANG_WARN_EMPTY_BODY = YES;
				CLANG_WARN_ENUM_CONVERSION = YES;
				CLANG_WARN_INFINITE_RECURSION = YES;
				CLANG_WARN_INT_CONVERSION = YES;
				CLANG_WARN_OBJC_ROOT_CLASS = YES_ERROR;
				CLANG_WARN_SUSPICIOUS_MOVES = YES;
				CLANG_WARN_UNREACHABLE_CODE = YES;
				CLANG_WARN__DUPLICATE_METHOD_MATCH = YES;
				"CODE_SIGN_IDENTITY[sdk=iphoneos*]" = "iPhone Developer";
				COPY_PHASE_STRIP = NO;
				DEBUG_INFORMATION_FORMAT = "dwarf-with-dsym";
				ENABLE_NS_ASSERTIONS = NO;
				ENABLE_STRICT_OBJC_MSGSEND = YES;
				GCC_C_LANGUAGE_STANDARD = gnu99;
				GCC_NO_COMMON_BLOCKS = YES;
				GCC_WARN_64_TO_32_BIT_CONVERSION = YES;
				GCC_WARN_ABOUT_RETURN_TYPE = YES_ERROR;
				GCC_WARN_UNDECLARED_SELECTOR = YES;
				GCC_WARN_UNINITIALIZED_AUTOS = YES_AGGRESSIVE;
				GCC_WARN_UNUSED_FUNCTION = YES;
				GCC_WARN_UNUSED_VARIABLE = YES;
				IPHONEOS_DEPLOYMENT_TARGET = 10.0;
				MTL_ENABLE_DEBUG_INFO = NO;
				SDKROOT = iphoneos;
				SWIFT_OPTIMIZATION_LEVEL = "-Owholemodule";
				TARGETED_DEVICE_FAMILY = "1,2";
				VALIDATE_PRODUCT = YES;
			};
			name = Release;
		};
		81294EBD1DC232470009B0DB /* Debug */ = {
			isa = XCBuildConfiguration;
			buildSettings = {
				ASSETCATALOG_COMPILER_APPICON_NAME = AppIcon;
				INFOPLIST_FILE = "TryOut For GitHUB/Info.plist";
				LD_RUNPATH_SEARCH_PATHS = "$(inherited) @executable_path/Frameworks";
				PRODUCT_BUNDLE_IDENTIFIER = "Fiala.TryOut-For-GitHUB";
				PRODUCT_NAME = "$(TARGET_NAME)";
				SWIFT_VERSION = 3.0;
			};
			name = Debug;
		};
		81294EBE1DC232470009B0DB /* Release */ = {
			isa = XCBuildConfiguration;
			buildSettings = {
				ASSETCATALOG_COMPILER_APPICON_NAME = AppIcon;
				INFOPLIST_FILE = "TryOut For GitHUB/Info.plist";
				LD_RUNPATH_SEARCH_PATHS = "$(inherited) @executable_path/Frameworks";
				PRODUCT_BUNDLE_IDENTIFIER = "Fiala.TryOut-For-GitHUB";
				PRODUCT_NAME = "$(TARGET_NAME)";
				SWIFT_VERSION = 3.0;
			};
			name = Release;
		};
/* End XCBuildConfiguration section */

/* Begin XCConfigurationList section */
		81294EA51DC232470009B0DB /* Build configuration list for PBXProject "TryOut For GitHUB" */ = {
			isa = XCConfigurationList;
			buildConfigurations = (
				81294EBA1DC232470009B0DB /* Debug */,
				81294EBB1DC232470009B0DB /* Release */,
			);
			defaultConfigurationIsVisible = 0;
			defaultConfigurationName = Release;
		};
		81294EBC1DC232470009B0DB /* Build configuration list for PBXNativeTarget "TryOut For GitHUB" */ = {
			isa = XCConfigurationList;
			buildConfigurations = (
				81294EBD1DC232470009B0DB /* Debug */,
				81294EBE1DC232470009B0DB /* Release */,
			);
			defaultConfigurationIsVisible = 0;
		};
/* End XCConfigurationList section */
	};
	rootObject = 81294EA21DC232470009B0DB /* Project object */;
}
